
Microsoft Visual Studio Solution File, Format Version 12.00
# Visual Studio Version 17
VisualStudioVersion = 17.11.35303.130
MinimumVisualStudioVersion = 10.0.40219.1
Project("{FAE04EC0-301F-11D3-BF4B-00C04F79EFBC}") = "Practice_Sets03_01", "Practice_Sets03_01\Practice_Sets03_01.csproj", "{CBD6243B-8423-417A-BEC2-6817E5B0C1E1}"
EndProject
Project("{FAE04EC0-301F-11D3-BF4B-00C04F79EFBC}") = "Practice_Sets03_02", "Practice_Sets03_02\Practice_Sets03_02.csproj", "{1D1517DA-8E91-4DDB-96C4-B13B68EC5D42}"
EndProject
Global
	GlobalSection(SolutionConfigurationPlatforms) = preSolution
		Debug|Any CPU = Debug|Any CPU
		Release|Any CPU = Release|Any CPU
	EndGlobalSection
	GlobalSection(ProjectConfigurationPlatforms) = postSolution
		{CBD6243B-8423-417A-BEC2-6817E5B0C1E1}.Debug|Any CPU.ActiveCfg = Debug|Any CPU
		{CBD6243B-8423-417A-BEC2-6817E5B0C1E1}.Debug|Any CPU.Build.0 = Debug|Any CPU
		{CBD6243B-8423-417A-BEC2-6817E5B0C1E1}.Release|Any CPU.ActiveCfg = Release|Any CPU
		{CBD6243B-8423-417A-BEC2-6817E5B0C1E1}.Release|Any CPU.Build.0 = Release|Any CPU
		{1D1517DA-8E91-4DDB-96C4-B13B68EC5D42}.Debug|Any CPU.ActiveCfg = Debug|Any CPU
		{1D1517DA-8E91-4DDB-96C4-B13B68EC5D42}.Debug|Any CPU.Build.0 = Debug|Any CPU
		{1D1517DA-8E91-4DDB-96C4-B13B68EC5D42}.Release|Any CPU.ActiveCfg = Release|Any CPU
		{1D1517DA-8E91-4DDB-96C4-B13B68EC5D42}.Release|Any CPU.Build.0 = Release|Any CPU
	EndGlobalSection
	GlobalSection(SolutionProperties) = preSolution
		HideSolutionNode = FALSE
	EndGlobalSection
	GlobalSection(ExtensibilityGlobals) = postSolution
		SolutionGuid = {5CBE4620-15FA-477D-B805-9E861FD83BAA}
	EndGlobalSection
EndGlobal
